Microsoft Visual Studio Solution File, Format Version 11.00
# Visual Studio 2008

Project("{D2EC37D8-8BCB-C82D-AF65-2C2A0A50D123}") = "I hate you", "Assembly-CSharp-firstpass.csproj", "{59B6CC03-696F-4163-51FD-B3AD2D411957}"
EndProject
Project("{D2EC37D8-8BCB-C82D-AF65-2C2A0A50D123}") = "I hate you", "Assembly-CSharp.csproj", "{56EEE8B4-3491-C795-D857-F96E4057769E}"
EndProject
Project("{D2EC37D8-8BCB-C82D-AF65-2C2A0A50D123}") = "I hate you", "Assembly-CSharp-Editor.csproj", "{69F20B9C-8EC4-EE4F-D338-62D149908D28}"
EndProject
Project("{D2EC37D8-8BCB-C82D-AF65-2C2A0A50D123}") = "I hate you", "Assembly-UnityScript-firstpass.unityproj", "{9B026252-B6B2-44D8-A9A1-1DB18B353B23}"
EndProject
Project("{D2EC37D8-8BCB-C82D-AF65-2C2A0A50D123}") = "I hate you", "Assembly-UnityScript.unityproj", "{EC334EBE-CABA-6E57-86E4-CFF0FE6F23F9}"
EndProject
Global
	GlobalSection(SolutionConfigurationPlatforms) = preSolution
		Debug|Any CPU = Debug|Any CPU
		Release|Any CPU = Release|Any CPU
	EndGlobalSection
	GlobalSection(ProjectConfigurationPlatforms) = postSolution
		{59B6CC03-696F-4163-51FD-B3AD2D411957}.Debug|Any CPU.ActiveCfg = Debug|Any CPU
		{59B6CC03-696F-4163-51FD-B3AD2D411957}.Debug|Any CPU.Build.0 = Debug|Any CPU
		{59B6CC03-696F-4163-51FD-B3AD2D411957}.Release|Any CPU.ActiveCfg = Release|Any CPU
		{59B6CC03-696F-4163-51FD-B3AD2D411957}.Release|Any CPU.Build.0 = Release|Any CPU
		{56EEE8B4-3491-C795-D857-F96E4057769E}.Debug|Any CPU.ActiveCfg = Debug|Any CPU
		{56EEE8B4-3491-C795-D857-F96E4057769E}.Debug|Any CPU.Build.0 = Debug|Any CPU
		{56EEE8B4-3491-C795-D857-F96E4057769E}.Release|Any CPU.ActiveCfg = Release|Any CPU
		{56EEE8B4-3491-C795-D857-F96E4057769E}.Release|Any CPU.Build.0 = Release|Any CPU
		{69F20B9C-8EC4-EE4F-D338-62D149908D28}.Debug|Any CPU.ActiveCfg = Debug|Any CPU
		{69F20B9C-8EC4-EE4F-D338-62D149908D28}.Debug|Any CPU.Build.0 = Debug|Any CPU
		{69F20B9C-8EC4-EE4F-D338-62D149908D28}.Release|Any CPU.ActiveCfg = Release|Any CPU
		{69F20B9C-8EC4-EE4F-D338-62D149908D28}.Release|Any CPU.Build.0 = Release|Any CPU
		{9B026252-B6B2-44D8-A9A1-1DB18B353B23}.Debug|Any CPU.ActiveCfg = Debug|Any CPU
		{9B026252-B6B2-44D8-A9A1-1DB18B353B23}.Debug|Any CPU.Build.0 = Debug|Any CPU
		{9B026252-B6B2-44D8-A9A1-1DB18B353B23}.Release|Any CPU.ActiveCfg = Release|Any CPU
		{9B026252-B6B2-44D8-A9A1-1DB18B353B23}.Release|Any CPU.Build.0 = Release|Any CPU
		{EC334EBE-CABA-6E57-86E4-CFF0FE6F23F9}.Debug|Any CPU.ActiveCfg = Debug|Any CPU
		{EC334EBE-CABA-6E57-86E4-CFF0FE6F23F9}.Debug|Any CPU.Build.0 = Debug|Any CPU
		{EC334EBE-CABA-6E57-86E4-CFF0FE6F23F9}.Release|Any CPU.ActiveCfg = Release|Any CPU
		{EC334EBE-CABA-6E57-86E4-CFF0FE6F23F9}.Release|Any CPU.Build.0 = Release|Any CPU
	EndGlobalSection
	GlobalSection(SolutionProperties) = preSolution
		HideSolutionNode = FALSE
	EndGlobalSection
	GlobalSection(MonoDevelopProperties) = preSolution
		StartupItem = Assembly-CSharp.csproj
	EndGlobalSection
EndGlobal
